
Microsoft Visual Studio Solution File, Format Version 11.00
# Visual Studio 2010
Project("{8BC9CEB8-8B4A-11D0-8D11-00A0C91BC942}") = "class", "class\class.vcxproj", "{0E2092B5-1350-4959-AD84-39C4E0350E2A}"
EndProject
Global
	GlobalSection(SolutionConfigurationPlatforms) = preSolution
		Debug|Win32 = Debug|Win32
		Release|Win32 = Release|Win32
	EndGlobalSection
	GlobalSection(ProjectConfigurationPlatforms) = postSolution
		{0E2092B5-1350-4959-AD84-39C4E0350E2A}.Debug|Win32.ActiveCfg = Debug|Win32
		{0E2092B5-1350-4959-AD84-39C4E0350E2A}.Debug|Win32.Build.0 = Debug|Win32
		{0E2092B5-1350-4959-AD84-39C4E0350E2A}.Release|Win32.ActiveCfg = Release|Win32
		{0E2092B5-1350-4959-AD84-39C4E0350E2A}.Release|Win32.Build.0 = Release|Win32
	EndGlobalSection
	GlobalSection(SolutionProperties) = preSolution
		HideSolutionNode = FALSE
	EndGlobalSection
EndGlobal
